
Microsoft Visual Studio Solution File, Format Version 12.00
# Visual Studio Version 17
VisualStudioVersion = 17.4.33110.190
MinimumVisualStudioVersion = 10.0.40219.1
Project("{9A19103F-16F7-4668-BE54-9A1E7A4F7556}") = "ApplicationInsights.Nodejsdemo.TaskProcessor", "applicationInsights-nodejsdemo-emailService\ApplicationInsights.Nodejsdemo.TaskProcessor.csproj", "{8F248E21-94C6-4B6E-9157-D56886104FB6}"
EndProject
Global
	GlobalSection(SolutionConfigurationPlatforms) = preSolution
		Debug|Any CPU = Debug|Any CPU
		Release|Any CPU = Release|Any CPU
	EndGlobalSection
	GlobalSection(ProjectConfigurationPlatforms) = postSolution
		{8F248E21-94C6-4B6E-9157-D56886104FB6}.Debug|Any CPU.ActiveCfg = Debug|Any CPU
		{8F248E21-94C6-4B6E-9157-D56886104FB6}.Debug|Any CPU.Build.0 = Debug|Any CPU
		{8F248E21-94C6-4B6E-9157-D56886104FB6}.Release|Any CPU.ActiveCfg = Release|Any CPU
		{8F248E21-94C6-4B6E-9157-D56886104FB6}.Release|Any CPU.Build.0 = Release|Any CPU
	EndGlobalSection
	GlobalSection(SolutionProperties) = preSolution
		HideSolutionNode = FALSE
	EndGlobalSection
	GlobalSection(ExtensibilityGlobals) = postSolution
		SolutionGuid = {198DCD7C-EF6C-49A3-BC4E-849F90AEE5F2}
	EndGlobalSection
EndGlobal
